
Microsoft Visual Studio Solution File, Format Version 12.00
# Visual Studio Version 17
VisualStudioVersion = 17.9.34902.65
MinimumVisualStudioVersion = 10.0.40219.1
Project("{9A19103F-16F7-4668-BE54-9A1E7A4F7556}") = "AutomobileLibrary", "AutomobileLibrary\AutomobileLibrary.csproj", "{9DB85AFA-D0C4-4342-9324-77ABF95B6848}"
EndProject
Project("{FAE04EC0-301F-11D3-BF4B-00C04F79EFBC}") = "AutomobileWinApp", "AutomobileWinApp\AutomobileWinApp.csproj", "{F96239D3-0BE5-4ACD-9A99-EFEA16F64080}"
EndProject
Global
	GlobalSection(SolutionConfigurationPlatforms) = preSolution
		Debug|Any CPU = Debug|Any CPU
		Release|Any CPU = Release|Any CPU
	EndGlobalSection
	GlobalSection(ProjectConfigurationPlatforms) = postSolution
		{9DB85AFA-D0C4-4342-9324-77ABF95B6848}.Debug|Any CPU.ActiveCfg = Debug|Any CPU
		{9DB85AFA-D0C4-4342-9324-77ABF95B6848}.Debug|Any CPU.Build.0 = Debug|Any CPU
		{9DB85AFA-D0C4-4342-9324-77ABF95B6848}.Release|Any CPU.ActiveCfg = Release|Any CPU
		{9DB85AFA-D0C4-4342-9324-77ABF95B6848}.Release|Any CPU.Build.0 = Release|Any CPU
		{F96239D3-0BE5-4ACD-9A99-EFEA16F64080}.Debug|Any CPU.ActiveCfg = Debug|Any CPU
		{F96239D3-0BE5-4ACD-9A99-EFEA16F64080}.Debug|Any CPU.Build.0 = Debug|Any CPU
		{F96239D3-0BE5-4ACD-9A99-EFEA16F64080}.Release|Any CPU.ActiveCfg = Release|Any CPU
		{F96239D3-0BE5-4ACD-9A99-EFEA16F64080}.Release|Any CPU.Build.0 = Release|Any CPU
	EndGlobalSection
	GlobalSection(SolutionProperties) = preSolution
		HideSolutionNode = FALSE
	EndGlobalSection
	GlobalSection(ExtensibilityGlobals) = postSolution
		SolutionGuid = {BDBB95AF-D2EA-4BCC-9EF5-C809C99C6DF9}
	EndGlobalSection
EndGlobal
